
Microsoft Visual Studio Solution File, Format Version 12.00
# Visual Studio Version 16
VisualStudioVersion = 16.0.29613.14
MinimumVisualStudioVersion = 10.0.40219.1
Project("{FAE04EC0-301F-11D3-BF4B-00C04F79EFBC}") = "SystemForCollectWaste", "SystemForCollectWaste\SystemForCollectWaste.csproj", "{C34829A6-B606-4D4B-BAC0-C6289933562F}"
EndProject
Project("{FAE04EC0-301F-11D3-BF4B-00C04F79EFBC}") = "DataAccessLayer", "DataAccessLaye\DataAccessLayer.csproj", "{7536B239-389B-4CA5-BA4C-9336A3244E7B}"
EndProject
Global
	GlobalSection(SolutionConfigurationPlatforms) = preSolution
		Debug|Any CPU = Debug|Any CPU
		Release|Any CPU = Release|Any CPU
	EndGlobalSection
	GlobalSection(ProjectConfigurationPlatforms) = postSolution
		{C34829A6-B606-4D4B-BAC0-C6289933562F}.Debug|Any CPU.ActiveCfg = Debug|Any CPU
		{C34829A6-B606-4D4B-BAC0-C6289933562F}.Debug|Any CPU.Build.0 = Debug|Any CPU
		{C34829A6-B606-4D4B-BAC0-C6289933562F}.Release|Any CPU.ActiveCfg = Release|Any CPU
		{C34829A6-B606-4D4B-BAC0-C6289933562F}.Release|Any CPU.Build.0 = Release|Any CPU
		{7536B239-389B-4CA5-BA4C-9336A3244E7B}.Debug|Any CPU.ActiveCfg = Debug|Any CPU
		{7536B239-389B-4CA5-BA4C-9336A3244E7B}.Debug|Any CPU.Build.0 = Debug|Any CPU
		{7536B239-389B-4CA5-BA4C-9336A3244E7B}.Release|Any CPU.ActiveCfg = Release|Any CPU
		{7536B239-389B-4CA5-BA4C-9336A3244E7B}.Release|Any CPU.Build.0 = Release|Any CPU
	EndGlobalSection
	GlobalSection(SolutionProperties) = preSolution
		HideSolutionNode = FALSE
	EndGlobalSection
	GlobalSection(ExtensibilityGlobals) = postSolution
		SolutionGuid = {D8311C03-60DE-4FA6-9243-753A38501D81}
	EndGlobalSection
EndGlobal
